
Microsoft Visual Studio Solution File, Format Version 12.00
# Visual Studio Version 17
VisualStudioVersion = 17.0.32112.339
MinimumVisualStudioVersion = 10.0.40219.1
Project("{FAE04EC0-301F-11D3-BF4B-00C04F79EFBC}") = "PostNordCalculator", "PostNordCalculator\PostNordCalculator.csproj", "{ECA4A8C1-52A8-436B-90EF-B85DC6F387CC}"
EndProject
Global
	GlobalSection(SolutionConfigurationPlatforms) = preSolution
		Debug|Any CPU = Debug|Any CPU
		Release|Any CPU = Release|Any CPU
	EndGlobalSection
	GlobalSection(ProjectConfigurationPlatforms) = postSolution
		{ECA4A8C1-52A8-436B-90EF-B85DC6F387CC}.Debug|Any CPU.ActiveCfg = Debug|Any CPU
		{ECA4A8C1-52A8-436B-90EF-B85DC6F387CC}.Debug|Any CPU.Build.0 = Debug|Any CPU
		{ECA4A8C1-52A8-436B-90EF-B85DC6F387CC}.Release|Any CPU.ActiveCfg = Release|Any CPU
		{ECA4A8C1-52A8-436B-90EF-B85DC6F387CC}.Release|Any CPU.Build.0 = Release|Any CPU
	EndGlobalSection
	GlobalSection(SolutionProperties) = preSolution
		HideSolutionNode = FALSE
	EndGlobalSection
	GlobalSection(ExtensibilityGlobals) = postSolution
		SolutionGuid = {93F9B244-E077-4EBA-A2B9-865B2929B913}
	EndGlobalSection
EndGlobal
